version = 1
revision = 3
requires-python = ">=3.11, <3.13"
resolution-markers = [
    "sys_platform == 'win32'",
    "sys_platform == 'emscripten'",
    "sys_platform != 'emscripten' and sys_platform != 'win32'",
]

[[package]]
name = "certifi"
version = "2026.1.4"
source = { registry = "https://pypi.org/simple" }
sdist = { url = "https://files.pythonhosted.org/packages/e0/2d/a891ca51311197f6ad14a7ef42e2399f36cf2f9bd44752b3dc4eab60fdc5/certifi-2026.1.4.tar.gz", hash = "sha256:ac726dd470482006e014ad384921ed6438c457018f4b3d204aea4281258b2120", size = 154268, upload-time = "2026-01-04T02:42:41.825Z" }
wheels = [
    { url = "https://files.pythonhosted.org/packages/e6/ad/3cc14f097111b4de0040c83a525973216457bbeeb63739ef1ed275c1c021/certifi-2026.1.4-py3-none-any.whl", hash = "sha256:9943707519e4add1115f44c2bc244f782c0249876bf51b6599fee1ffbedd685c", size = 152900, upload-time = "2026-01-04T02:42:40.15Z" },
]

[[package]]
name = "geopandas"
version = "1.1.2"
source = { registry = "https://pypi.org/simple" }
dependencies = [
    { name = "numpy" },
    { name = "packaging" },
    { name = "pandas" },
    { name = "pyogrio" },
    { name = "pyproj" },
    { name = "shapely" },
]
sdist = { url = "https://files.pythonhosted.org/packages/8d/24/5eb5685d7bf89d64218919379f882d19a60f8219d66d833c83b1cf264c95/geopandas-1.1.2.tar.gz", hash = "sha256:33f7b33565c46a45b8459a2ab699ec943fdbb5716e58e251b3c413cf7783106c", size = 336037, upload-time = "2025-12-22T21:06:13.749Z" }
wheels = [
    { url = "https://files.pythonhosted.org/packages/54/e4/fac19dc34cb686c96011388b813ff7b858a70681e5ce6ce7698e5021b0f4/geopandas-1.1.2-py3-none-any.whl", hash = "sha256:2bb0b1052cb47378addb4ba54c47f8d4642dcbda9b61375638274f49d9f0bb0d", size = 341734, upload-time = "2025-12-22T21:06:12.498Z" },
]

[[package]]
name = "numpy"
version = "2.4.2"
source = { registry = "https://pypi.org/simple" }
sdist = { url = "https://files.pythonhosted.org/packages/57/fd/0005efbd0af48e55eb3c7208af93f2862d4b1a56cd78e84309a2d959208d/numpy-2.4.2.tar.gz", hash = "sha256:659a6107e31a83c4e33f763942275fd278b21d095094044eb35569e86a21ddae", size = 20723651, upload-time = "2026-01-31T23:13:10.135Z" }
wheels = [
    { url = "https://files.pythonhosted.org/packages/d3/44/71852273146957899753e69986246d6a176061ea183407e95418c2aa4d9a/numpy-2.4.2-cp311-cp311-macosx_10_9_x86_64.whl", hash = "sha256:e7e88598032542bd49af7c4747541422884219056c268823ef6e5e89851c8825", size = 16955478, upload-time = "2026-01-31T23:10:25.623Z" },
    { url = "https://files.pythonhosted.org/packages/74/41/5d17d4058bd0cd96bcbd4d9ff0fb2e21f52702aab9a72e4a594efa18692f/numpy-2.4.2-cp311-cp311-macosx_11_0_arm64.whl", hash = "sha256:7edc794af8b36ca37ef5fcb5e0d128c7e0595c7b96a2318d1badb6fcd8ee86b1", size = 14965467, upload-time = "2026-01-31T23:10:28.186Z" },
    { url = "https://files.pythonhosted.org/packages/49/48/fb1ce8136c19452ed15f033f8aee91d5defe515094e330ce368a0647846f/numpy-2.4.2-cp311-cp311-macosx_14_0_arm64.whl", hash = "sha256:6e9f61981ace1360e42737e2bae58b27bf28a1b27e781721047d84bd754d32e7", size = 5475172, upload-time = "2026-01-31T23:10:30.848Z" },
    { url = "https://files.pythonhosted.org/packages/40/a9/3feb49f17bbd1300dd2570432961f5c8a4ffeff1db6f02c7273bd020a4c9/numpy-2.4.2-cp311-cp311-macosx_14_0_x86_64.whl", hash = "sha256:cb7bbb88aa74908950d979eeaa24dbdf1a865e3c7e45ff0121d8f70387b55f73", size = 6805145, upload-time = "2026-01-31T23:10:32.352Z" },
    { url = "https://files.pythonhosted.org/packages/3f/39/fdf35cbd6d6e2fcad42fcf85ac04a85a0d0fbfbf34b30721c98d602fd70a/numpy-2.4.2-cp311-cp311-manylinux_2_27_aarch64.manylinux_2_28_aarch64.whl", hash = "sha256:4f069069931240b3fc703f1e23df63443dbd6390614c8c44a87d96cd0ec81eb1", size = 15966084, upload-time = "2026-01-31T23:10:34.502Z" },
    { url = "https://files.pythonhosted.org/packages/1b/46/6fa4ea94f1ddf969b2ee941290cca6f1bfac92b53c76ae5f44afe17ceb69/numpy-2.4.2-cp311-cp311-manylinux_2_27_x86_64.manylinux_2_28_x86_64.whl", hash = "sha256:c02ef4401a506fb60b411467ad501e1429a3487abca4664871d9ae0b46c8ba32", size = 16899477, upload-time = "2026-01-31T23:10:37.075Z" },
    { url = "https://files.pythonhosted.org/packages/09/a1/2a424e162b1a14a5bd860a464ab4e07513916a64ab1683fae262f735ccd2/numpy-2.4.2-cp311-cp311-musllinux_1_2_aarch64.whl", hash = "sha256:2653de5c24910e49c2b106499803124dde62a5a1fe0eedeaecf4309a5f639390", size = 17323429, upload-time = "2026-01-31T23:10:39.704Z" },
    { url = "https://files.pythonhosted.org/packages/ce/a2/73014149ff250628df72c58204822ac01d768697913881aacf839ff78680/numpy-2.4.2-cp311-cp311-musllinux_1_2_x86_64.whl", hash = "sha256:1ae241bbfc6ae276f94a170b14785e561cb5e7f626b6688cf076af4110887413", size = 18635109, upload-time = "2026-01-31T23:10:41.924Z" },
    { url = "https://files.pythonhosted.org/packages/6c/0c/73e8be2f1accd56df74abc1c5e18527822067dced5ec0861b5bb882c2ce0/numpy-2.4.2-cp311-cp311-win32.whl", hash = "sha256:df1b10187212b198dd45fa943d8985a3c8cf854aed4923796e0e019e113a1bda", size = 6237915, upload-time = "2026-01-31T23:10:45.26Z" },
    { url = "https://files.pythonhosted.org/packages/76/ae/e0265e0163cf127c24c3969d29f1c4c64551a1e375d95a13d32eab25d364/numpy-2.4.2-cp311-cp311-win_amd64.whl", hash = "sha256:b9c618d56a29c9cb1c4da979e9899be7578d2e0b3c24d52079c166324c9e8695", size = 12607972, upload-time = "2026-01-31T23:10:47.021Z" },
    { url = "https://files.pythonhosted.org/packages/29/a5/c43029af9b8014d6ea157f192652c50042e8911f4300f8f6ed3336bf437f/numpy-2.4.2-cp311-cp311-win_arm64.whl", hash = "sha256:47c5a6ed21d9452b10227e5e8a0e1c22979811cad7dcc19d8e3e2fb8fa03f1a3", size = 10485763, upload-time = "2026-01-31T23:10:50.087Z" },
    { url = "https://files.pythonhosted.org/packages/51/6e/6f394c9c77668153e14d4da83bcc247beb5952f6ead7699a1a2992613bea/numpy-2.4.2-cp312-cp312-macosx_10_13_x86_64.whl", hash = "sha256:21982668592194c609de53ba4933a7471880ccbaadcc52352694a59ecc860b3a", size = 16667963, upload-time = "2026-01-31T23:10:52.147Z" },
    { url = "https://files.pythonhosted.org/packages/1f/f8/55483431f2b2fd015ae6ed4fe62288823ce908437ed49db5a03d15151678/numpy-2.4.2-cp312-cp312-macosx_11_0_arm64.whl", hash = "sha256:40397bda92382fcec844066efb11f13e1c9a3e2a8e8f318fb72ed8b6db9f60f1", size = 14693571, upload-time = "2026-01-31T23:10:54.789Z" },
    { url = "https://files.pythonhosted.org/packages/2f/20/18026832b1845cdc82248208dd929ca14c9d8f2bac391f67440707fff27c/numpy-2.4.2-cp312-cp312-macosx_14_0_arm64.whl", hash = "sha256:b3a24467af63c67829bfaa61eecf18d5432d4f11992688537be59ecd6ad32f5e", size = 5203469, upload-time = "2026-01-31T23:10:57.343Z" },
    { url = "https://files.pythonhosted.org/packages/7d/33/2eb97c8a77daaba34eaa3fa7241a14ac5f51c46a6bd5911361b644c4a1e2/numpy-2.4.2-cp312-cp312-macosx_14_0_x86_64.whl", hash = "sha256:805cc8de9fd6e7a22da5aed858e0ab16be5a4db6c873dde1d7451c541553aa27", size = 6550820, upload-time = "2026-01-31T23:10:59.429Z" },
    { url = "https://files.pythonhosted.org/packages/b1/91/b97fdfd12dc75b02c44e26c6638241cc004d4079a0321a69c62f51470c4c/numpy-2.4.2-cp312-cp312-manylinux_2_27_aarch64.manylinux_2_28_aarch64.whl", hash = "sha256:6d82351358ffbcdcd7b686b90742a9b86632d6c1c051016484fa0b326a0a1548", size = 15663067, upload-time = "2026-01-31T23:11:01.291Z" },
    { url = "https://files.pythonhosted.org/packages/f5/c6/a18e59f3f0b8071cc85cbc8d80cd02d68aa9710170b2553a117203d46936/numpy-2.4.2-cp312-cp312-manylinux_2_27_x86_64.manylinux_2_28_x86_64.whl", hash = "sha256:9e35d3e0144137d9fdae62912e869136164534d64a169f86438bc9561b6ad49f", size = 16619782, upload-time = "2026-01-31T23:11:03.669Z" },
    { url = "https://files.pythonhosted.org/packages/b7/83/9751502164601a79e18847309f5ceec0b1446d7b6aa12305759b72cf98b2/numpy-2.4.2-cp312-cp312-musllinux_1_2_aarch64.whl", hash = "sha256:adb6ed2ad29b9e15321d167d152ee909ec73395901b70936f029c3bc6d7f4460", size = 17013128, upload-time = "2026-01-31T23:11:05.913Z" },
    { url = "https://files.pythonhosted.org/packages/61/c4/c4066322256ec740acc1c8923a10047818691d2f8aec254798f3dd90f5f2/numpy-2.4.2-cp312-cp312-musllinux_1_2_x86_64.whl", hash = "sha256:8906e71fd8afcb76580404e2a950caef2685df3d2a57fe82a86ac8d33cc007ba", size = 18345324, upload-time = "2026-01-31T23:11:08.248Z" },
    { url = "https://files.pythonhosted.org/packages/ab/af/6157aa6da728fa4525a755bfad486ae7e3f76d4c1864138003eb84328497/numpy-2.4.2-cp312-cp312-win32.whl", hash = "sha256:ec055f6dae239a6299cace477b479cca2fc125c5675482daf1dd886933a1076f", size = 5960282, upload-time = "2026-01-31T23:11:10.497Z" },
    { url = "https://files.pythonhosted.org/packages/92/0f/7ceaaeaacb40567071e94dbf2c9480c0ae453d5bb4f52bea3892c39dc83c/numpy-2.4.2-cp312-cp312-win_amd64.whl", hash = "sha256:209fae046e62d0ce6435fcfe3b1a10537e858249b3d9b05829e2a05218296a85", size = 12314210, upload-time = "2026-01-31T23:11:12.176Z" },
    { url = "https://files.pythonhosted.org/packages/2f/a3/56c5c604fae6dd40fa2ed3040d005fca97e91bd320d232ac9931d77ba13c/numpy-2.4.2-cp312-cp312-win_arm64.whl", hash = "sha256:fbde1b0c6e81d56f5dccd95dd4a711d9b95df1ae4009a60887e56b27e8d903fa", size = 10220171, upload-time = "2026-01-31T23:11:14.684Z" },
    { url = "https://files.pythonhosted.org/packages/f4/f8/50e14d36d915ef64d8f8bc4a087fc8264d82c785eda6711f80ab7e620335/numpy-2.4.2-pp311-pypy311_pp73-macosx_10_15_x86_64.whl", hash = "sha256:89f7268c009bc492f506abd6f5265defa7cb3f7487dc21d357c3d290add45082", size = 16833179, upload-time = "2026-01-31T23:12:53.5Z" },
    { url = "https://files.pythonhosted.org/packages/17/17/809b5cad63812058a8189e91a1e2d55a5a18fd04611dbad244e8aeae465c/numpy-2.4.2-pp311-pypy311_pp73-macosx_11_0_arm64.whl", hash = "sha256:e6dee3bb76aa4009d5a912180bf5b2de012532998d094acee25d9cb8dee3e44a", size = 14889755, upload-time = "2026-01-31T23:12:55.933Z" },
    { url = "https://files.pythonhosted.org/packages/3e/ea/181b9bcf7627fc8371720316c24db888dcb9829b1c0270abf3d288b2e29b/numpy-2.4.2-pp311-pypy311_pp73-macosx_14_0_arm64.whl", hash = "sha256:cd2bd2bbed13e213d6b55dc1d035a4f91748a7d3edc9480c13898b0353708920", size = 5399500, upload-time = "2026-01-31T23:12:58.671Z" },
    { url = "https://files.pythonhosted.org/packages/33/9f/413adf3fc955541ff5536b78fcf0754680b3c6d95103230252a2c9408d23/numpy-2.4.2-pp311-pypy311_pp73-macosx_14_0_x86_64.whl", hash = "sha256:cf28c0c1d4c4bf00f509fa7eb02c58d7caf221b50b467bcb0d9bbf1584d5c821", size = 6714252, upload-time = "2026-01-31T23:13:00.518Z" },
    { url = "https://files.pythonhosted.org/packages/91/da/643aad274e29ccbdf42ecd94dafe524b81c87bcb56b83872d54827f10543/numpy-2.4.2-pp311-pypy311_pp73-manylinux_2_27_aarch64.manylinux_2_28_aarch64.whl", hash = "sha256:e04ae107ac591763a47398bb45b568fc38f02dbc4aa44c063f67a131f99346cb", size = 15797142, upload-time = "2026-01-31T23:13:02.219Z" },
    { url = "https://files.pythonhosted.org/packages/66/27/965b8525e9cb5dc16481b30a1b3c21e50c7ebf6e9dbd48d0c4d0d5089c7e/numpy-2.4.2-pp311-pypy311_pp73-manylinux_2_27_x86_64.manylinux_2_28_x86_64.whl", hash = "sha256:602f65afdef699cda27ec0b9224ae5dc43e328f4c24c689deaf77133dbee74d0", size = 16727979, upload-time = "2026-01-31T23:13:04.62Z" },
    { url = "https://files.pythonhosted.org/packages/de/e5/b7d20451657664b07986c2f6e3be564433f5dcaf3482d68eaecd79afaf03/numpy-2.4.2-pp311-pypy311_pp73-win_amd64.whl", hash = "sha256:be71bf1edb48ebbbf7f6337b5bfd2f895d1902f6335a5830b20141fc126ffba0", size = 12502577, upload-time = "2026-01-31T23:13:07.08Z" },
]

[[package]]
name = "packaging"
version = "26.0"
source = { registry = "https://pypi.org/simple" }
sdist = { url = "https://files.pythonhosted.org/packages/65/ee/299d360cdc32edc7d2cf530f3accf79c4fca01e96ffc950d8a52213bd8e4/packaging-26.0.tar.gz", hash = "sha256:00243ae351a257117b6a241061796684b084ed1c516a08c48a3f7e147a9d80b4", size = 143416, upload-time = "2026-01-21T20:50:39.064Z" }
wheels = [
    { url = "https://files.pythonhosted.org/packages/b7/b9/c538f279a4e237a006a2c98387d081e9eb060d203d8ed34467cc0f0b9b53/packaging-26.0-py3-none-any.whl", hash = "sha256:b36f1fef9334a5588b4166f8bcd26a14e521f2b55e6b9de3aaa80d3ff7a37529", size = 74366, upload-time = "2026-01-21T20:50:37.788Z" },
]

[[package]]
name = "pandas"
version = "3.0.0"
source = { registry = "https://pypi.org/simple" }
dependencies = [
    { name = "numpy" },
    { name = "python-dateutil" },
    { name = "tzdata", marker = "sys_platform == 'emscripten' or sys_platform == 'win32'" },
]
sdist = { url = "https://files.pythonhosted.org/packages/de/da/b1dc0481ab8d55d0f46e343cfe67d4551a0e14fcee52bd38ca1bd73258d8/pandas-3.0.0.tar.gz", hash = "sha256:0facf7e87d38f721f0af46fe70d97373a37701b1c09f7ed7aeeb292ade5c050f", size = 4633005, upload-time = "2026-01-21T15:52:04.726Z" }
wheels = [
    { url = "https://files.pythonhosted.org/packages/46/1e/b184654a856e75e975a6ee95d6577b51c271cd92cb2b020c9378f53e0032/pandas-3.0.0-cp311-cp311-macosx_10_9_x86_64.whl", hash = "sha256:d64ce01eb9cdca96a15266aa679ae50212ec52757c79204dbc7701a222401850", size = 10313247, upload-time = "2026-01-21T15:50:15.775Z" },
    { url = "https://files.pythonhosted.org/packages/dd/5e/e04a547ad0f0183bf151fd7c7a477468e3b85ff2ad231c566389e6cc9587/pandas-3.0.0-cp311-cp311-macosx_11_0_arm64.whl", hash = "sha256:613e13426069793aa1ec53bdcc3b86e8d32071daea138bbcf4fa959c9cdaa2e2", size = 9913131, upload-time = "2026-01-21T15:50:18.611Z" },
    { url = "https://files.pythonhosted.org/packages/a2/93/bb77bfa9fc2aba9f7204db807d5d3fb69832ed2854c60ba91b4c65ba9219/pandas-3.0.0-cp311-cp311-manylinux_2_24_aarch64.manylinux_2_28_aarch64.whl", hash = "sha256:0192fee1f1a8e743b464a6607858ee4b071deb0b118eb143d71c2a1d170996d5", size = 10741925, upload-time = "2026-01-21T15:50:21.058Z" },
    { url = "https://files.pythonhosted.org/packages/62/fb/89319812eb1d714bfc04b7f177895caeba8ab4a37ef6712db75ed786e2e0/pandas-3.0.0-cp311-cp311-manylinux_2_24_x86_64.manylinux_2_28_x86_64.whl", hash = "sha256:f0b853319dec8d5e0c8b875374c078ef17f2269986a78168d9bd57e49bf650ae", size = 11245979, upload-time = "2026-01-21T15:50:23.413Z" },
    { url = "https://files.pythonhosted.org/packages/a9/63/684120486f541fc88da3862ed31165b3b3e12b6a1c7b93be4597bc84e26c/pandas-3.0.0-cp311-cp311-musllinux_1_2_aarch64.whl", hash = "sha256:707a9a877a876c326ae2cb640fbdc4ef63b0a7b9e2ef55c6df9942dcee8e2af9", size = 11756337, upload-time = "2026-01-21T15:50:25.932Z" },
    { url = "https://files.pythonhosted.org/packages/39/92/7eb0ad232312b59aec61550c3c81ad0743898d10af5df7f80bc5e5065416/pandas-3.0.0-cp311-cp311-musllinux_1_2_x86_64.whl", hash = "sha256:afd0aa3d0b5cda6e0b8ffc10dbcca3b09ef3cbcd3fe2b27364f85fdc04e1989d", size = 12325517, upload-time = "2026-01-21T15:50:27.952Z" },
    { url = "https://files.pythonhosted.org/packages/51/27/bf9436dd0a4fc3130acec0828951c7ef96a0631969613a9a35744baf27f6/pandas-3.0.0-cp311-cp311-win_amd64.whl", hash = "sha256:113b4cca2614ff7e5b9fee9b6f066618fe73c5a83e99d721ffc41217b2bf57dd", size = 9881576, upload-time = "2026-01-21T15:50:30.149Z" },
    { url = "https://files.pythonhosted.org/packages/e7/2b/c618b871fce0159fd107516336e82891b404e3f340821853c2fc28c7830f/pandas-3.0.0-cp311-cp311-win_arm64.whl", hash = "sha256:c14837eba8e99a8da1527c0280bba29b0eb842f64aa94982c5e21227966e164b", size = 9140807, upload-time = "2026-01-21T15:50:32.308Z" },
    { url = "https://files.pythonhosted.org/packages/0b/38/db33686f4b5fa64d7af40d96361f6a4615b8c6c8f1b3d334eee46ae6160e/pandas-3.0.0-cp312-cp312-macosx_10_13_x86_64.whl", hash = "sha256:9803b31f5039b3c3b10cc858c5e40054adb4b29b4d81cb2fd789f4121c8efbcd", size = 10334013, upload-time = "2026-01-21T15:50:34.771Z" },
    { url = "https://files.pythonhosted.org/packages/a5/7b/9254310594e9774906bacdd4e732415e1f86ab7dbb4b377ef9ede58cd8ec/pandas-3.0.0-cp312-cp312-macosx_11_0_arm64.whl", hash = "sha256:14c2a4099cd38a1d18ff108168ea417909b2dea3bd1ebff2ccf28ddb6a74d740", size = 9874154, upload-time = "2026-01-21T15:50:36.67Z" },
    { url = "https://files.pythonhosted.org/packages/63/d4/726c5a67a13bc66643e66d2e9ff115cead482a44fc56991d0c4014f15aaf/pandas-3.0.0-cp312-cp312-manylinux_2_24_aarch64.manylinux_2_28_aarch64.whl", hash = "sha256:d257699b9a9960e6125686098d5714ac59d05222bef7a5e6af7a7fd87c650801", size = 10384433, upload-time = "2026-01-21T15:50:39.132Z" },
    { url = "https://files.pythonhosted.org/packages/bf/2e/9211f09bedb04f9832122942de8b051804b31a39cfbad199a819bb88d9f3/pandas-3.0.0-cp312-cp312-manylinux_2_24_x86_64.manylinux_2_28_x86_64.whl", hash = "sha256:69780c98f286076dcafca38d8b8eee1676adf220199c0a39f0ecbf976b68151a", size = 10864519, upload-time = "2026-01-21T15:50:41.043Z" },
    { url = "https://files.pythonhosted.org/packages/00/8d/50858522cdc46ac88b9afdc3015e298959a70a08cd21e008a44e9520180c/pandas-3.0.0-cp312-cp312-musllinux_1_2_aarch64.whl", hash = "sha256:4a66384f017240f3858a4c8a7cf21b0591c3ac885cddb7758a589f0f71e87ebb", size = 11394124, upload-time = "2026-01-21T15:50:43.377Z" },
    { url = "https://files.pythonhosted.org/packages/86/3f/83b2577db02503cd93d8e95b0f794ad9d4be0ba7cb6c8bcdcac964a34a42/pandas-3.0.0-cp312-cp312-musllinux_1_2_x86_64.whl", hash = "sha256:be8c515c9bc33989d97b89db66ea0cececb0f6e3c2a87fcc8b69443a6923e95f", size = 11920444, upload-time = "2026-01-21T15:50:45.932Z" },
    { url = "https://files.pythonhosted.org/packages/64/2d/4f8a2f192ed12c90a0aab47f5557ece0e56b0370c49de9454a09de7381b2/pandas-3.0.0-cp312-cp312-win_amd64.whl", hash = "sha256:a453aad8c4f4e9f166436994a33884442ea62aa8b27d007311e87521b97246e1", size = 9730970, upload-time = "2026-01-21T15:50:47.962Z" },
    { url = "https://files.pythonhosted.org/packages/d4/64/ff571be435cf1e643ca98d0945d76732c0b4e9c37191a89c8550b105eed1/pandas-3.0.0-cp312-cp312-win_arm64.whl", hash = "sha256:da768007b5a33057f6d9053563d6b74dd6d029c337d93c6d0d22a763a5c2ecc0", size = 9041950, upload-time = "2026-01-21T15:50:50.422Z" },
]

[[package]]
name = "polars"
version = "1.38.1"
source = { registry = "https://pypi.org/simple" }
dependencies = [
    { name = "polars-runtime-32" },
]
sdist = { url = "https://files.pythonhosted.org/packages/c6/5e/208a24471a433bcd0e9a6889ac49025fd4daad2815c8220c5bd2576e5f1b/polars-1.38.1.tar.gz", hash = "sha256:803a2be5344ef880ad625addfb8f641995cfd777413b08a10de0897345778239", size = 717667, upload-time = "2026-02-06T18:13:23.013Z" }
wheels = [
    { url = "https://files.pythonhosted.org/packages/0a/49/737c1a6273c585719858261753da0b688454d1b634438ccba8a9c4eb5aab/polars-1.38.1-py3-none-any.whl", hash = "sha256:a29479c48fed4984d88b656486d221f638cba45d3e961631a50ee5fdde38cb2c", size = 810368, upload-time = "2026-02-06T18:11:55.819Z" },
]

[[package]]
name = "polars-runtime-32"
version = "1.38.1"
source = { registry = "https://pypi.org/simple" }
sdist = { url = "https://files.pythonhosted.org/packages/07/4b/04d6b3fb7cf336fbe12fbc4b43f36d1783e11bb0f2b1e3980ec44878df06/polars_runtime_32-1.38.1.tar.gz", hash = "sha256:04f20ed1f5c58771f34296a27029dc755a9e4b1390caeaef8f317e06fdfce2ec", size = 2812631, upload-time = "2026-02-06T18:13:25.206Z" }
wheels = [
    { url = "https://files.pythonhosted.org/packages/ae/a2/a00defbddadd8cf1042f52380dcba6b6592b03bac8e3b34c436b62d12d3b/polars_runtime_32-1.38.1-cp310-abi3-macosx_10_12_x86_64.whl", hash = "sha256:18154e96044724a0ac38ce155cf63aa03c02dd70500efbbf1a61b08cadd269ef", size = 44108001, upload-time = "2026-02-06T18:11:58.127Z" },
    { url = "https://files.pythonhosted.org/packages/a7/fb/599ff3709e6a303024efd7edfd08cf8de55c6ac39527d8f41cbc4399385f/polars_runtime_32-1.38.1-cp310-abi3-macosx_11_0_arm64.whl", hash = "sha256:c49acac34cc4049ed188f1eb67d6ff3971a39b4af7f7b734b367119970f313ac", size = 40230140, upload-time = "2026-02-06T18:12:01.181Z" },
    { url = "https://files.pythonhosted.org/packages/dc/8c/3ac18d6f89dc05fe2c7c0ee1dc5b81f77a5c85ad59898232c2500fe2ebbf/polars_runtime_32-1.38.1-cp310-abi3-manylinux_2_17_aarch64.manylinux2014_aarch64.whl", hash = "sha256:fef2ef2626a954e010e006cc8e4de467ecf32d08008f130cea1c78911f545323", size = 41994039, upload-time = "2026-02-06T18:12:04.332Z" },
    { url = "https://files.pythonhosted.org/packages/f2/5a/61d60ec5cc0ab37cbd5a699edb2f9af2875b7fdfdfb2a4608ca3cc5f0448/polars_runtime_32-1.38.1-cp310-abi3-manylinux_2_17_x86_64.manylinux2014_x86_64.whl", hash = "sha256:e8a5f7a8125e2d50e2e060296551c929aec09be23a9edcb2b12ca923f555a5ba", size = 45755804, upload-time = "2026-02-06T18:12:07.846Z" },
    { url = "https://files.pythonhosted.org/packages/91/54/02cd4074c98c361ccd3fec3bcb0bd68dbc639c0550c42a4436b0ff0f3ccf/polars_runtime_32-1.38.1-cp310-abi3-musllinux_1_2_aarch64.whl", hash = "sha256:10d19cd9863e129273b18b7fcaab625b5c8143c2d22b3e549067b78efa32e4fa", size = 42159605, upload-time = "2026-02-06T18:12:10.919Z" },
    { url = "https://files.pythonhosted.org/packages/8e/f3/b2a5e720cc56eaa38b4518e63aa577b4bbd60e8b05a00fe43ca051be5879/polars_runtime_32-1.38.1-cp310-abi3-musllinux_1_2_x86_64.whl", hash = "sha256:61e8d73c614b46a00d2f853625a7569a2e4a0999333e876354ac81d1bf1bb5e2", size = 45336615, upload-time = "2026-02-06T18:12:14.074Z" },
    { url = "https://files.pythonhosted.org/packages/f1/8d/ee2e4b7de948090cfb3df37d401c521233daf97bfc54ddec5d61d1d31618/polars_runtime_32-1.38.1-cp310-abi3-win_amd64.whl", hash = "sha256:08c2b3b93509c1141ac97891294ff5c5b0c548a373f583eaaea873a4bf506437", size = 45680732, upload-time = "2026-02-06T18:12:19.097Z" },
    { url = "https://files.pythonhosted.org/packages/bf/18/72c216f4ab0c82b907009668f79183ae029116ff0dd245d56ef58aac48e7/polars_runtime_32-1.38.1-cp310-abi3-win_arm64.whl", hash = "sha256:6d07d0cc832bfe4fb54b6e04218c2c27afcfa6b9498f9f6bbf262a00d58cc7c4", size = 41639413, upload-time = "2026-02-06T18:12:22.044Z" },
]

[[package]]
name = "portfolio-project-sp26"
version = "0.1.0"
source = { virtual = "." }
dependencies = [
    { name = "geopandas" },
    { name = "polars" },
    { name = "pyarrow" },
    { name = "pyproj" },
    { name = "rtree" },
    { name = "shapely" },
]

[package.metadata]
requires-dist = [
    { name = "geopandas", specifier = ">=1.1.2" },
    { name = "polars", specifier = ">=1.38.1" },
    { name = "pyarrow", specifier = ">=23.0.1" },
    { name = "pyproj", specifier = ">=3.7.2" },
    { name = "rtree", specifier = ">=1.4.1" },
    { name = "shapely", specifier = ">=2.1.2" },
]

[[package]]
name = "pyarrow"
version = "23.0.1"
source = { registry = "https://pypi.org/simple" }
sdist = { url = "https://files.pythonhosted.org/packages/88/22/134986a4cc224d593c1afde5494d18ff629393d74cc2eddb176669f234a4/pyarrow-23.0.1.tar.gz", hash = "sha256:b8c5873e33440b2bc2f4a79d2b47017a89c5a24116c055625e6f2ee50523f019", size = 1167336, upload-time = "2026-02-16T10:14:12.39Z" }
wheels = [
    { url = "https://files.pythonhosted.org/packages/b0/41/8e6b6ef7e225d4ceead8459427a52afdc23379768f54dd3566014d7618c1/pyarrow-23.0.1-cp311-cp311-macosx_12_0_arm64.whl", hash = "sha256:6f0147ee9e0386f519c952cc670eb4a8b05caa594eeffe01af0e25f699e4e9bb", size = 34302230, upload-time = "2026-02-16T10:09:03.859Z" },
    { url = "https://files.pythonhosted.org/packages/bf/4a/1472c00392f521fea03ae93408bf445cc7bfa1ab81683faf9bc188e36629/pyarrow-23.0.1-cp311-cp311-macosx_12_0_x86_64.whl", hash = "sha256:0ae6e17c828455b6265d590100c295193f93cc5675eb0af59e49dbd00d2de350", size = 35850050, upload-time = "2026-02-16T10:09:11.877Z" },
    { url = "https://files.pythonhosted.org/packages/0c/b2/bd1f2f05ded56af7f54d702c8364c9c43cd6abb91b0e9933f3d77b4f4132/pyarrow-23.0.1-cp311-cp311-manylinux_2_28_aarch64.whl", hash = "sha256:fed7020203e9ef273360b9e45be52a2a47d3103caf156a30ace5247ffb51bdbd", size = 44491918, upload-time = "2026-02-16T10:09:18.144Z" },
    { url = "https://files.pythonhosted.org/packages/0b/62/96459ef5b67957eac38a90f541d1c28833d1b367f014a482cb63f3b7cd2d/pyarrow-23.0.1-cp311-cp311-manylinux_2_28_x86_64.whl", hash = "sha256:26d50dee49d741ac0e82185033488d28d35be4d763ae6f321f97d1140eb7a0e9", size = 47562811, upload-time = "2026-02-16T10:09:25.792Z" },
    { url = "https://files.pythonhosted.org/packages/7d/94/1170e235add1f5f45a954e26cd0e906e7e74e23392dcb560de471f7366ec/pyarrow-23.0.1-cp311-cp311-musllinux_1_2_aarch64.whl", hash = "sha256:3c30143b17161310f151f4a2bcfe41b5ff744238c1039338779424e38579d701", size = 48183766, upload-time = "2026-02-16T10:09:34.645Z" },
    { url = "https://files.pythonhosted.org/packages/0e/2d/39a42af4570377b99774cdb47f63ee6c7da7616bd55b3d5001aa18edfe4f/pyarrow-23.0.1-cp311-cp311-musllinux_1_2_x86_64.whl", hash = "sha256:db2190fa79c80a23fdd29fef4b8992893f024ae7c17d2f5f4db7171fa30c2c78", size = 50607669, upload-time = "2026-02-16T10:09:44.153Z" },
    { url = "https://files.pythonhosted.org/packages/00/ca/db94101c187f3df742133ac837e93b1f269ebdac49427f8310ee40b6a58f/pyarrow-23.0.1-cp311-cp311-win_amd64.whl", hash = "sha256:f00f993a8179e0e1c9713bcc0baf6d6c01326a406a9c23495ec1ba9c9ebf2919", size = 27527698, upload-time = "2026-02-16T10:09:50.263Z" },
    { url = "https://files.pythonhosted.org/packages/9a/4b/4166bb5abbfe6f750fc60ad337c43ecf61340fa52ab386da6e8dbf9e63c4/pyarrow-23.0.1-cp312-cp312-macosx_12_0_arm64.whl", hash = "sha256:f4b0dbfa124c0bb161f8b5ebb40f1a680b70279aa0c9901d44a2b5a20806039f", size = 34214575, upload-time = "2026-02-16T10:09:56.225Z" },
    { url = "https://files.pythonhosted.org/packages/e1/da/3f941e3734ac8088ea588b53e860baeddac8323ea40ce22e3d0baa865cc9/pyarrow-23.0.1-cp312-cp312-macosx_12_0_x86_64.whl", hash = "sha256:7707d2b6673f7de054e2e83d59f9e805939038eebe1763fe811ee8fa5c0cd1a7", size = 35832540, upload-time = "2026-02-16T10:10:03.428Z" },
    { url = "https://files.pythonhosted.org/packages/88/7c/3d841c366620e906d54430817531b877ba646310296df42ef697308c2705/pyarrow-23.0.1-cp312-cp312-manylinux_2_28_aarch64.whl", hash = "sha256:86ff03fb9f1a320266e0de855dee4b17da6794c595d207f89bba40d16b5c78b9", size = 44470940, upload-time = "2026-02-16T10:10:10.704Z" },
    { url = "https://files.pythonhosted.org/packages/2c/a5/da83046273d990f256cb79796a190bbf7ec999269705ddc609403f8c6b06/pyarrow-23.0.1-cp312-cp312-manylinux_2_28_x86_64.whl", hash = "sha256:813d99f31275919c383aab17f0f455a04f5a429c261cc411b1e9a8f5e4aaaa05", size = 47586063, upload-time = "2026-02-16T10:10:17.95Z" },
    { url = "https://files.pythonhosted.org/packages/5b/3c/b7d2ebcff47a514f47f9da1e74b7949138c58cfeb108cdd4ee62f43f0cf3/pyarrow-23.0.1-cp312-cp312-musllinux_1_2_aarch64.whl", hash = "sha256:bf5842f960cddd2ef757d486041d57c96483efc295a8c4a0e20e704cbbf39c67", size = 48173045, upload-time = "2026-02-16T10:10:25.363Z" },
    { url = "https://files.pythonhosted.org/packages/43/b2/b40961262213beaba6acfc88698eb773dfce32ecdf34d19291db94c2bd73/pyarrow-23.0.1-cp312-cp312-musllinux_1_2_x86_64.whl", hash = "sha256:564baf97c858ecc03ec01a41062e8f4698abc3e6e2acd79c01c2e97880a19730", size = 50621741, upload-time = "2026-02-16T10:10:33.477Z" },
    { url = "https://files.pythonhosted.org/packages/f6/70/1fdda42d65b28b078e93d75d371b2185a61da89dda4def8ba6ba41ebdeb4/pyarrow-23.0.1-cp312-cp312-win_amd64.whl", hash = "sha256:07deae7783782ac7250989a7b2ecde9b3c343a643f82e8a4df03d93b633006f0", size = 27620678, upload-time = "2026-02-16T10:10:39.31Z" },
]

[[package]]
name = "pyogrio"
version = "0.12.1"
source = { registry = "https://pypi.org/simple" }
dependencies = [
    { name = "certifi" },
    { name = "numpy" },
    { name = "packaging" },
]
sdist = { url = "https://files.pythonhosted.org/packages/49/d4/12f86b1ed09721363da4c09622464b604c851a9223fc0c6b393fb2012208/pyogrio-0.12.1.tar.gz", hash = "sha256:e548ab705bb3e5383693717de1e6c76da97f3762ab92522cb310f93128a75ff1", size = 303289, upload-time = "2025-11-28T19:04:53.341Z" }
wheels = [
    { url = "https://files.pythonhosted.org/packages/02/46/b2c2dcdfd88759b56f103365905fffb85e8b08c1db1ec7c8f8b4c4c26016/pyogrio-0.12.1-cp311-cp311-macosx_12_0_arm64.whl", hash = "sha256:01b322dac2a258d24b024d1028dcaa03c9bb6d9c3988b86d298a64873d10dc65", size = 23670744, upload-time = "2025-11-28T19:03:11.299Z" },
    { url = "https://files.pythonhosted.org/packages/d9/21/b69f1bc51d805c00dd7c484a18e1fd2e75b41da1d9f5b8591d7d9d4a7d2f/pyogrio-0.12.1-cp311-cp311-macosx_12_0_x86_64.whl", hash = "sha256:e10087abcbd6b7e8212560a7002984e5078ac7b3a969ddc2c9929044dbb0d403", size = 25246184, upload-time = "2025-11-28T19:03:13.997Z" },
    { url = "https://files.pythonhosted.org/packages/19/8c/b6aae08e8fcc4f2a903da5f6bd8f888d2b6d7290e54dde5abe15b4cca8df/pyogrio-0.12.1-cp311-cp311-manylinux2014_x86_64.manylinux_2_17_x86_64.whl", hash = "sha256:1f6c621972b09fd81a32317e742c69ff4a7763a803da211361a78317f9577765", size = 31434449, upload-time = "2025-11-28T19:03:16.777Z" },
    { url = "https://files.pythonhosted.org/packages/70/f9/9538fa893c29a3fdfeddf3b4c9f8db77f2d4134bc766587929fec8405ebf/pyogrio-0.12.1-cp311-cp311-manylinux_2_28_aarch64.whl", hash = "sha256:c38253427b688464caad5316d4ebcec116b5e13f1f02cc4e3588502f136ca1b4", size = 30987586, upload-time = "2025-11-28T19:03:19.586Z" },
    { url = "https://files.pythonhosted.org/packages/89/a4/0aef5837b4e11840f501e48e01c31242838476c4f4aff9c05e228a083982/pyogrio-0.12.1-cp311-cp311-manylinux_2_28_x86_64.whl", hash = "sha256:5f47787251de7ce13cc06038da93a1214dc283cbccf816be6e03c080358226c8", size = 32534386, upload-time = "2025-11-28T19:03:22.292Z" },
    { url = "https://files.pythonhosted.org/packages/34/97/e8f2ed8a339152b86f8403c258ae5d5f23ab32d690eeb0545bb3473d0c69/pyogrio-0.12.1-cp311-cp311-win_amd64.whl", hash = "sha256:c1d756cf2da4cdf5609779f260d1e1e89be023184225855d6f3dcd33bbe17cb0", size = 22941718, upload-time = "2025-11-28T19:03:24.82Z" },
    { url = "https://files.pythonhosted.org/packages/ad/e0/656b6536549d41b5aec57e0deca1f269b4f17532f0636836f587e581603a/pyogrio-0.12.1-cp312-cp312-macosx_12_0_arm64.whl", hash = "sha256:7a0d5ca39184030aec4cde30f4258f75b227a854530d2659babc8189d76e657d", size = 23661857, upload-time = "2025-11-28T19:03:27.744Z" },
    { url = "https://files.pythonhosted.org/packages/14/78/313259e40da728bdb60106ffdc7ea8224d164498cb838ecb79b634aab967/pyogrio-0.12.1-cp312-cp312-macosx_12_0_x86_64.whl", hash = "sha256:feaff42bbe8087ca0b30e33b09d1ce049ca55fe83ad83db1139ef37d1d04f30c", size = 25237106, upload-time = "2025-11-28T19:03:30.018Z" },
    { url = "https://files.pythonhosted.org/packages/8f/ca/5368571a8b00b941ccfbe6ea29a5566aaffd45d4eb1553b956f7755af43e/pyogrio-0.12.1-cp312-cp312-manylinux2014_x86_64.manylinux_2_17_x86_64.whl", hash = "sha256:81096a5139532de5a8003ef02b41d5d2444cb382a9aecd1165b447eb549180d3", size = 31417048, upload-time = "2025-11-28T19:03:32.572Z" },
    { url = "https://files.pythonhosted.org/packages/ef/85/6eeb875f27bf498d657eb5dab9f58e4c48b36c9037122787abee9a1ba4ba/pyogrio-0.12.1-cp312-cp312-manylinux_2_28_aarch64.whl", hash = "sha256:41b78863f782f7a113ed0d36a5dc74d59735bd3a82af53510899bb02a18b06bb", size = 30952115, upload-time = "2025-11-28T19:03:35.332Z" },
    { url = "https://files.pythonhosted.org/packages/36/f7/cf8bec9024625947e1a71441906f60a5fa6f9e4c441c4428037e73b1fcc8/pyogrio-0.12.1-cp312-cp312-manylinux_2_28_x86_64.whl", hash = "sha256:8b65be8c4258b27cc8f919b21929cecdadda4c353e3637fa30850339ef4d15c5", size = 32537246, upload-time = "2025-11-28T19:03:37.969Z" },
    { url = "https://files.pythonhosted.org/packages/ab/10/7c9f5e428273574e69f217eba3a6c0c42936188ad4dcd9e2c41ebb711188/pyogrio-0.12.1-cp312-cp312-win_amd64.whl", hash = "sha256:1291b866c2c81d991bda15021b08b3621709b40ee3a85689229929e9465788bf", size = 22933980, upload-time = "2025-11-28T19:03:41.047Z" },
]

[[package]]
name = "pyproj"
version = "3.7.2"
source = { registry = "https://pypi.org/simple" }
dependencies = [
    { name = "certifi" },
]
sdist = { url = "https://files.pythonhosted.org/packages/04/90/67bd7260b4ea9b8b20b4f58afef6c223ecb3abf368eb4ec5bc2cdef81b49/pyproj-3.7.2.tar.gz", hash = "sha256:39a0cf1ecc7e282d1d30f36594ebd55c9fae1fda8a2622cee5d100430628f88c", size = 226279, upload-time = "2025-08-14T12:05:42.18Z" }
wheels = [
    { url = "https://files.pythonhosted.org/packages/a6/bd/f205552cd1713b08f93b09e39a3ec99edef0b3ebbbca67b486fdf1abe2de/pyproj-3.7.2-cp311-cp311-macosx_13_0_x86_64.whl", hash = "sha256:2514d61f24c4e0bb9913e2c51487ecdaeca5f8748d8313c933693416ca41d4d5", size = 6227022, upload-time = "2025-08-14T12:03:51.474Z" },
    { url = "https://files.pythonhosted.org/packages/75/4c/9a937e659b8b418ab573c6d340d27e68716928953273e0837e7922fcac34/pyproj-3.7.2-cp311-cp311-macosx_14_0_arm64.whl", hash = "sha256:8693ca3892d82e70de077701ee76dd13d7bca4ae1c9d1e739d72004df015923a", size = 4625810, upload-time = "2025-08-14T12:03:53.808Z" },
    { url = "https://files.pythonhosted.org/packages/c0/7d/a9f41e814dc4d1dc54e95b2ccaf0b3ebe3eb18b1740df05fe334724c3d89/pyproj-3.7.2-cp311-cp311-manylinux_2_28_aarch64.whl", hash = "sha256:5e26484d80fea56273ed1555abaea161e9661d81a6c07815d54b8e883d4ceb25", size = 9638694, upload-time = "2025-08-14T12:03:55.669Z" },
    { url = "https://files.pythonhosted.org/packages/ad/ab/9bdb4a6216b712a1f9aab1c0fcbee5d3726f34a366f29c3e8c08a78d6b70/pyproj-3.7.2-cp311-cp311-manylinux_2_28_x86_64.whl", hash = "sha256:281cb92847814e8018010c48b4069ff858a30236638631c1a91dd7bfa68f8a8a", size = 9493977, upload-time = "2025-08-14T12:03:57.937Z" },
    { url = "https://files.pythonhosted.org/packages/c9/db/2db75b1b6190f1137b1c4e8ef6a22e1c338e46320f6329bfac819143e063/pyproj-3.7.2-cp311-cp311-musllinux_1_2_aarch64.whl", hash = "sha256:9c8577f0b7bb09118ec2e57e3babdc977127dd66326d6c5d755c76b063e6d9dc", size = 10841151, upload-time = "2025-08-14T12:04:00.271Z" },
    { url = "https://files.pythonhosted.org/packages/89/f7/989643394ba23a286e9b7b3f09981496172f9e0d4512457ffea7dc47ffc7/pyproj-3.7.2-cp311-cp311-musllinux_1_2_x86_64.whl", hash = "sha256:a23f59904fac3a5e7364b3aa44d288234af267ca041adb2c2b14a903cd5d3ac5", size = 10751585, upload-time = "2025-08-14T12:04:02.228Z" },
    { url = "https://files.pythonhosted.org/packages/53/6d/ad928fe975a6c14a093c92e6a319ca18f479f3336bb353a740bdba335681/pyproj-3.7.2-cp311-cp311-win32.whl", hash = "sha256:f2af4ed34b2cf3e031a2d85b067a3ecbd38df073c567e04b52fa7a0202afde8a", size = 5908533, upload-time = "2025-08-14T12:04:04.821Z" },
    { url = "https://files.pythonhosted.org/packages/79/e0/b95584605cec9ed50b7ebaf7975d1c4ddeec5a86b7a20554ed8b60042bd7/pyproj-3.7.2-cp311-cp311-win_amd64.whl", hash = "sha256:0b7cb633565129677b2a183c4d807c727d1c736fcb0568a12299383056e67433", size = 6320742, upload-time = "2025-08-14T12:04:06.357Z" },
    { url = "https://files.pythonhosted.org/packages/b7/4d/536e8f93bca808175c2d0a5ac9fdf69b960d8ab6b14f25030dccb07464d7/pyproj-3.7.2-cp311-cp311-win_arm64.whl", hash = "sha256:38b08d85e3a38e455625b80e9eb9f78027c8e2649a21dec4df1f9c3525460c71", size = 6245772, upload-time = "2025-08-14T12:04:08.365Z" },
    { url = "https://files.pythonhosted.org/packages/8d/ab/9893ea9fb066be70ed9074ae543914a618c131ed8dff2da1e08b3a4df4db/pyproj-3.7.2-cp312-cp312-macosx_13_0_x86_64.whl", hash = "sha256:0a9bb26a6356fb5b033433a6d1b4542158fb71e3c51de49b4c318a1dff3aeaab", size = 6219832, upload-time = "2025-08-14T12:04:10.264Z" },
    { url = "https://files.pythonhosted.org/packages/53/78/4c64199146eed7184eb0e85bedec60a4aa8853b6ffe1ab1f3a8b962e70a0/pyproj-3.7.2-cp312-cp312-macosx_14_0_arm64.whl", hash = "sha256:567caa03021178861fad27fabde87500ec6d2ee173dd32f3e2d9871e40eebd68", size = 4620650, upload-time = "2025-08-14T12:04:11.978Z" },
    { url = "https://files.pythonhosted.org/packages/b6/ac/14a78d17943898a93ef4f8c6a9d4169911c994e3161e54a7cedeba9d8dde/pyproj-3.7.2-cp312-cp312-manylinux_2_28_aarch64.whl", hash = "sha256:c203101d1dc3c038a56cff0447acc515dd29d6e14811406ac539c21eed422b2a", size = 9667087, upload-time = "2025-08-14T12:04:13.964Z" },
    { url = "https://files.pythonhosted.org/packages/b8/be/212882c450bba74fc8d7d35cbd57e4af84792f0a56194819d98106b075af/pyproj-3.7.2-cp312-cp312-manylinux_2_28_x86_64.whl", hash = "sha256:1edc34266c0c23ced85f95a1ee8b47c9035eae6aca5b6b340327250e8e281630", size = 9552797, upload-time = "2025-08-14T12:04:16.624Z" },
    { url = "https://files.pythonhosted.org/packages/ba/c0/c0f25c87b5d2a8686341c53c1792a222a480d6c9caf60311fec12c99ec26/pyproj-3.7.2-cp312-cp312-musllinux_1_2_aarch64.whl", hash = "sha256:aa9f26c21bc0e2dc3d224cb1eb4020cf23e76af179a7c66fea49b828611e4260", size = 10837036, upload-time = "2025-08-14T12:04:18.733Z" },
    { url = "https://files.pythonhosted.org/packages/5d/37/5cbd6772addde2090c91113332623a86e8c7d583eccb2ad02ea634c4a89f/pyproj-3.7.2-cp312-cp312-musllinux_1_2_x86_64.whl", hash = "sha256:f9428b318530625cb389b9ddc9c51251e172808a4af79b82809376daaeabe5e9", size = 10775952, upload-time = "2025-08-14T12:04:20.709Z" },
    { url = "https://files.pythonhosted.org/packages/69/a1/dc250e3cf83eb4b3b9a2cf86fdb5e25288bd40037ae449695550f9e96b2f/pyproj-3.7.2-cp312-cp312-win32.whl", hash = "sha256:b3d99ed57d319da042f175f4554fc7038aa4bcecc4ac89e217e350346b742c9d", size = 5898872, upload-time = "2025-08-14T12:04:22.485Z" },
    { url = "https://files.pythonhosted.org/packages/4a/a6/6fe724b72b70f2b00152d77282e14964d60ab092ec225e67c196c9b463e5/pyproj-3.7.2-cp312-cp312-win_amd64.whl", hash = "sha256:11614a054cd86a2ed968a657d00987a86eeb91fdcbd9ad3310478685dc14a128", size = 6312176, upload-time = "2025-08-14T12:04:24.736Z" },
    { url = "https://files.pythonhosted.org/packages/5d/68/915cc32c02a91e76d02c8f55d5a138d6ef9e47a0d96d259df98f4842e558/pyproj-3.7.2-cp312-cp312-win_arm64.whl", hash = "sha256:509a146d1398bafe4f53273398c3bb0b4732535065fa995270e52a9d3676bca3", size = 6233452, upload-time = "2025-08-14T12:04:27.287Z" },
]

[[package]]
name = "python-dateutil"
version = "2.9.0.post0"
source = { registry = "https://pypi.org/simple" }
dependencies = [
    { name = "six" },
]
sdist = { url = "https://files.pythonhosted.org/packages/66/c0/0c8b6ad9f17a802ee498c46e004a0eb49bc148f2fd230864601a86dcf6db/python-dateutil-2.9.0.post0.tar.gz", hash = "sha256:37dd54208da7e1cd875388217d5e00ebd4179249f90fb72437e91a35459a0ad3", size = 342432, upload-time = "2024-03-01T18:36:20.211Z" }
wheels = [
    { url = "https://files.pythonhosted.org/packages/ec/57/56b9bcc3c9c6a792fcbaf139543cee77261f3651ca9da0c93f5c1221264b/python_dateutil-2.9.0.post0-py2.py3-none-any.whl", hash = "sha256:a8b2bc7bffae282281c8140a97d3aa9c14da0b136dfe83f850eea9a5f7470427", size = 229892, upload-time = "2024-03-01T18:36:18.57Z" },
]

[[package]]
name = "rtree"
version = "1.4.1"
source = { registry = "https://pypi.org/simple" }
sdist = { url = "https://files.pythonhosted.org/packages/95/09/7302695875a019514de9a5dd17b8320e7a19d6e7bc8f85dcfb79a4ce2da3/rtree-1.4.1.tar.gz", hash = "sha256:c6b1b3550881e57ebe530cc6cffefc87cd9bf49c30b37b894065a9f810875e46", size = 52425, upload-time = "2025-08-13T19:32:01.413Z" }
wheels = [
    { url = "https://files.pythonhosted.org/packages/04/d9/108cd989a4c0954e60b3cdc86fd2826407702b5375f6dfdab2802e5fed98/rtree-1.4.1-py3-none-macosx_10_9_x86_64.whl", hash = "sha256:d672184298527522d4914d8ae53bf76982b86ca420b0acde9298a7a87d81d4a4", size = 468484, upload-time = "2025-08-13T19:31:50.593Z" },
    { url = "https://files.pythonhosted.org/packages/f3/cf/2710b6fd6b07ea0aef317b29f335790ba6adf06a28ac236078ed9bd8a91d/rtree-1.4.1-py3-none-macosx_11_0_arm64.whl", hash = "sha256:a7e48d805e12011c2cf739a29d6a60ae852fb1de9fc84220bbcef67e6e595d7d", size = 436325, upload-time = "2025-08-13T19:31:52.367Z" },
    { url = "https://files.pythonhosted.org/packages/55/e1/4d075268a46e68db3cac51846eb6a3ab96ed481c585c5a1ad411b3c23aad/rtree-1.4.1-py3-none-manylinux_2_24_aarch64.manylinux_2_28_aarch64.whl", hash = "sha256:efa8c4496e31e9ad58ff6c7df89abceac7022d906cb64a3e18e4fceae6b77f65", size = 459789, upload-time = "2025-08-13T19:31:53.926Z" },
    { url = "https://files.pythonhosted.org/packages/d1/75/e5d44be90525cd28503e7f836d077ae6663ec0687a13ba7810b4114b3668/rtree-1.4.1-py3-none-manylinux_2_24_x86_64.manylinux_2_28_x86_64.whl", hash = "sha256:12de4578f1b3381a93a655846900be4e3d5f4cd5e306b8b00aa77c1121dc7e8c", size = 507644, upload-time = "2025-08-13T19:31:55.164Z" },
    { url = "https://files.pythonhosted.org/packages/fd/85/b8684f769a142163b52859a38a486493b05bafb4f2fb71d4f945de28ebf9/rtree-1.4.1-py3-none-musllinux_1_2_aarch64.whl", hash = "sha256:b558edda52eca3e6d1ee629042192c65e6b7f2c150d6d6cd207ce82f85be3967", size = 1454478, upload-time = "2025-08-13T19:31:56.808Z" },
    { url = "https://files.pythonhosted.org/packages/e9/a4/c2292b95246b9165cc43a0c3757e80995d58bc9b43da5cb47ad6e3535213/rtree-1.4.1-py3-none-musllinux_1_2_x86_64.whl", hash = "sha256:f155bc8d6bac9dcd383481dee8c130947a4866db1d16cb6dff442329a038a0dc", size = 1555140, upload-time = "2025-08-13T19:31:58.031Z" },
    { url = "https://files.pythonhosted.org/packages/74/25/5282c8270bfcd620d3e73beb35b40ac4ab00f0a898d98ebeb41ef0989ec8/rtree-1.4.1-py3-none-win_amd64.whl", hash = "sha256:efe125f416fd27150197ab8521158662943a40f87acab8028a1aac4ad667a489", size = 389358, upload-time = "2025-08-13T19:31:59.247Z" },
    { url = "https://files.pythonhosted.org/packages/3f/50/0a9e7e7afe7339bd5e36911f0ceb15fed51945836ed803ae5afd661057fd/rtree-1.4.1-py3-none-win_arm64.whl", hash = "sha256:3d46f55729b28138e897ffef32f7ce93ac335cb67f9120125ad3742a220800f0", size = 355253, upload-time = "2025-08-13T19:32:00.296Z" },
]

[[package]]
name = "shapely"
version = "2.1.2"
source = { registry = "https://pypi.org/simple" }
dependencies = [
    { name = "numpy" },
]
sdist = { url = "https://files.pythonhosted.org/packages/4d/bc/0989043118a27cccb4e906a46b7565ce36ca7b57f5a18b78f4f1b0f72d9d/shapely-2.1.2.tar.gz", hash = "sha256:2ed4ecb28320a433db18a5bf029986aa8afcfd740745e78847e330d5d94922a9", size = 315489, upload-time = "2025-09-24T13:51:41.432Z" }
wheels = [
    { url = "https://files.pythonhosted.org/packages/8f/8d/1ff672dea9ec6a7b5d422eb6d095ed886e2e523733329f75fdcb14ee1149/shapely-2.1.2-cp311-cp311-macosx_10_9_x86_64.whl", hash = "sha256:91121757b0a36c9aac3427a651a7e6567110a4a67c97edf04f8d55d4765f6618", size = 1820038, upload-time = "2025-09-24T13:50:15.628Z" },
    { url = "https://files.pythonhosted.org/packages/4f/ce/28fab8c772ce5db23a0d86bf0adaee0c4c79d5ad1db766055fa3dab442e2/shapely-2.1.2-cp311-cp311-macosx_11_0_arm64.whl", hash = "sha256:16a9c722ba774cf50b5d4541242b4cce05aafd44a015290c82ba8a16931ff63d", size = 1626039, upload-time = "2025-09-24T13:50:16.881Z" },
    { url = "https://files.pythonhosted.org/packages/70/8b/868b7e3f4982f5006e9395c1e12343c66a8155c0374fdc07c0e6a1ab547d/shapely-2.1.2-cp311-cp311-manylinux2014_aarch64.manylinux_2_17_aarch64.whl", hash = "sha256:cc4f7397459b12c0b196c9efe1f9d7e92463cbba142632b4cc6d8bbbbd3e2b09", size = 3001519, upload-time = "2025-09-24T13:50:18.606Z" },
    { url = "https://files.pythonhosted.org/packages/13/02/58b0b8d9c17c93ab6340edd8b7308c0c5a5b81f94ce65705819b7416dba5/shapely-2.1.2-cp311-cp311-manylinux2014_x86_64.manylinux_2_17_x86_64.whl", hash = "sha256:136ab87b17e733e22f0961504d05e77e7be8c9b5a8184f685b4a91a84efe3c26", size = 3110842, upload-time = "2025-09-24T13:50:21.77Z" },
    { url = "https://files.pythonhosted.org/packages/af/61/8e389c97994d5f331dcffb25e2fa761aeedfb52b3ad9bcdd7b8671f4810a/shapely-2.1.2-cp311-cp311-musllinux_1_2_aarch64.whl", hash = "sha256:16c5d0fc45d3aa0a69074979f4f1928ca2734fb2e0dde8af9611e134e46774e7", size = 4021316, upload-time = "2025-09-24T13:50:23.626Z" },
    { url = "https://files.pythonhosted.org/packages/d3/d4/9b2a9fe6039f9e42ccf2cb3e84f219fd8364b0c3b8e7bbc857b5fbe9c14c/shapely-2.1.2-cp311-cp311-musllinux_1_2_x86_64.whl", hash = "sha256:6ddc759f72b5b2b0f54a7e7cde44acef680a55019eb52ac63a7af2cf17cb9cd2", size = 4178586, upload-time = "2025-09-24T13:50:25.443Z" },
    { url = "https://files.pythonhosted.org/packages/16/f6/9840f6963ed4decf76b08fd6d7fed14f8779fb7a62cb45c5617fa8ac6eab/shapely-2.1.2-cp311-cp311-win32.whl", hash = "sha256:2fa78b49485391224755a856ed3b3bd91c8455f6121fee0db0e71cefb07d0ef6", size = 1543961, upload-time = "2025-09-24T13:50:26.968Z" },
    { url = "https://files.pythonhosted.org/packages/38/1e/3f8ea46353c2a33c1669eb7327f9665103aa3a8dfe7f2e4ef714c210b2c2/shapely-2.1.2-cp311-cp311-win_amd64.whl", hash = "sha256:c64d5c97b2f47e3cd9b712eaced3b061f2b71234b3fc263e0fcf7d889c6559dc", size = 1722856, upload-time = "2025-09-24T13:50:28.497Z" },
    { url = "https://files.pythonhosted.org/packages/24/c0/f3b6453cf2dfa99adc0ba6675f9aaff9e526d2224cbd7ff9c1a879238693/shapely-2.1.2-cp312-cp312-macosx_10_13_x86_64.whl", hash = "sha256:fe2533caae6a91a543dec62e8360fe86ffcdc42a7c55f9dfd0128a977a896b94", size = 1833550, upload-time = "2025-09-24T13:50:30.019Z" },
    { url = "https://files.pythonhosted.org/packages/86/07/59dee0bc4b913b7ab59ab1086225baca5b8f19865e6101db9ebb7243e132/shapely-2.1.2-cp312-cp312-macosx_11_0_arm64.whl", hash = "sha256:ba4d1333cc0bc94381d6d4308d2e4e008e0bd128bdcff5573199742ee3634359", size = 1643556, upload-time = "2025-09-24T13:50:32.291Z" },
    { url = "https://files.pythonhosted.org/packages/26/29/a5397e75b435b9895cd53e165083faed5d12fd9626eadec15a83a2411f0f/shapely-2.1.2-cp312-cp312-manylinux2014_aarch64.manylinux_2_17_aarch64.whl", hash = "sha256:0bd308103340030feef6c111d3eb98d50dc13feea33affc8a6f9fa549e9458a3", size = 2988308, upload-time = "2025-09-24T13:50:33.862Z" },
    { url = "https://files.pythonhosted.org/packages/b9/37/e781683abac55dde9771e086b790e554811a71ed0b2b8a1e789b7430dd44/shapely-2.1.2-cp312-cp312-manylinux2014_x86_64.manylinux_2_17_x86_64.whl", hash = "sha256:1e7d4d7ad262a48bb44277ca12c7c78cb1b0f56b32c10734ec9a1d30c0b0c54b", size = 3099844, upload-time = "2025-09-24T13:50:35.459Z" },
    { url = "https://files.pythonhosted.org/packages/d8/f3/9876b64d4a5a321b9dc482c92bb6f061f2fa42131cba643c699f39317cb9/shapely-2.1.2-cp312-cp312-musllinux_1_2_aarch64.whl", hash = "sha256:e9eddfe513096a71896441a7c37db72da0687b34752c4e193577a145c71736fc", size = 3988842, upload-time = "2025-09-24T13:50:37.478Z" },
    { url = "https://files.pythonhosted.org/packages/d1/a0/704c7292f7014c7e74ec84eddb7b109e1fbae74a16deae9c1504b1d15565/shapely-2.1.2-cp312-cp312-musllinux_1_2_x86_64.whl", hash = "sha256:980c777c612514c0cf99bc8a9de6d286f5e186dcaf9091252fcd444e5638193d", size = 4152714, upload-time = "2025-09-24T13:50:39.9Z" },
    { url = "https://files.pythonhosted.org/packages/53/46/319c9dc788884ad0785242543cdffac0e6530e4d0deb6c4862bc4143dcf3/shapely-2.1.2-cp312-cp312-win32.whl", hash = "sha256:9111274b88e4d7b54a95218e243282709b330ef52b7b86bc6aaf4f805306f454", size = 1542745, upload-time = "2025-09-24T13:50:41.414Z" },
    { url = "https://files.pythonhosted.org/packages/ec/bf/cb6c1c505cb31e818e900b9312d514f381fbfa5c4363edfce0fcc4f8c1a4/shapely-2.1.2-cp312-cp312-win_amd64.whl", hash = "sha256:743044b4cfb34f9a67205cee9279feaf60ba7d02e69febc2afc609047cb49179", size = 1722861, upload-time = "2025-09-24T13:50:43.35Z" },
]

[[package]]
name = "six"
version = "1.17.0"
source = { registry = "https://pypi.org/simple" }
sdist = { url = "https://files.pythonhosted.org/packages/94/e7/b2c673351809dca68a0e064b6af791aa332cf192da575fd474ed7d6f16a2/six-1.17.0.tar.gz", hash = "sha256:ff70335d468e7eb6ec65b95b99d3a2836546063f63acc5171de367e834932a81", size = 34031, upload-time = "2024-12-04T17:35:28.174Z" }
wheels = [
    { url = "https://files.pythonhosted.org/packages/b7/ce/149a00dd41f10bc29e5921b496af8b574d8413afcd5e30dfa0ed46c2cc5e/six-1.17.0-py2.py3-none-any.whl", hash = "sha256:4721f391ed90541fddacab5acf947aa0d3dc7d27b2e1e8eda2be8970586c3274", size = 11050, upload-time = "2024-12-04T17:35:26.475Z" },
]

[[package]]
name = "tzdata"
version = "2025.3"
source = { registry = "https://pypi.org/simple" }
sdist = { url = "https://files.pythonhosted.org/packages/5e/a7/c202b344c5ca7daf398f3b8a477eeb205cf3b6f32e7ec3a6bac0629ca975/tzdata-2025.3.tar.gz", hash = "sha256:de39c2ca5dc7b0344f2eba86f49d614019d29f060fc4ebc8a417896a620b56a7", size = 196772, upload-time = "2025-12-13T17:45:35.667Z" }
wheels = [
    { url = "https://files.pythonhosted.org/packages/c7/b0/003792df09decd6849a5e39c28b513c06e84436a54440380862b5aeff25d/tzdata-2025.3-py2.py3-none-any.whl", hash = "sha256:06a47e5700f3081aab02b2e513160914ff0694bce9947d6b76ebd6bf57cfc5d1", size = 348521, upload-time = "2025-12-13T17:45:33.889Z" },
]
